
Microsoft Visual Studio Solution File, Format Version 12.00
# Visual Studio 2012
Project("{FAE04EC0-301F-11D3-BF4B-00C04F79EFBC}") = "Mazica.Web", "Mazica.Web\Mazica.Web.csproj", "{4A0F7B38-5819-46ED-9147-26D6473EC4B4}"
EndProject
Project("{FAE04EC0-301F-11D3-BF4B-00C04F79EFBC}") = "Mazica.Domain", "Mazica.Domain\Mazica.Domain.csproj", "{CFD9BD7C-7185-410E-A30F-81F9B01E5818}"
EndProject
Project("{FAE04EC0-301F-11D3-BF4B-00C04F79EFBC}") = "Mazica.Tests", "Mazica.Tests\Mazica.Tests.csproj", "{4CA7AF03-AD12-44D1-A99C-4AD35D354655}"
EndProject
Project("{FAE04EC0-301F-11D3-BF4B-00C04F79EFBC}") = "Mazica.Utility", "Mazica.Utility\Mazica.Utility.csproj", "{2E26BCF3-6D24-4A71-AF8D-588F20836434}"
EndProject
Project("{2150E333-8FDC-42A3-9474-1A3956D46DE8}") = ".nuget", ".nuget", "{7B48C659-E7F3-4FDF-BB85-F767F4577DB5}"
	ProjectSection(SolutionItems) = preProject
		.nuget\NuGet.Config = .nuget\NuGet.Config
		.nuget\NuGet.exe = .nuget\NuGet.exe
		.nuget\NuGet.targets = .nuget\NuGet.targets
	EndProjectSection
EndProject
Project("{FAE04EC0-301F-11D3-BF4B-00C04F79EFBC}") = "MazeGen.ConsoleTest", "MazeGen.ConsoleTest\MazeGen.ConsoleTest.csproj", "{1E329C22-A1B1-4115-A7F0-266FB890A752}"
EndProject
Project("{FAE04EC0-301F-11D3-BF4B-00C04F79EFBC}") = "MazeGen", "MazeGen\MazeGen.csproj", "{10E56992-66A7-4DB9-A50A-F8BC0F240420}"
EndProject
Project("{FAE04EC0-301F-11D3-BF4B-00C04F79EFBC}") = "Mazica.WebObjects", "Mazica.WebObjects\Mazica.WebObjects.csproj", "{2BB6BF13-462B-4E32-981B-37026D1FE8F9}"
EndProject
Global
	GlobalSection(SolutionConfigurationPlatforms) = preSolution
		Debug|Any CPU = Debug|Any CPU
		Release|Any CPU = Release|Any CPU
	EndGlobalSection
	GlobalSection(ProjectConfigurationPlatforms) = postSolution
		{4A0F7B38-5819-46ED-9147-26D6473EC4B4}.Debug|Any CPU.ActiveCfg = Debug|Any CPU
		{4A0F7B38-5819-46ED-9147-26D6473EC4B4}.Debug|Any CPU.Build.0 = Debug|Any CPU
		{4A0F7B38-5819-46ED-9147-26D6473EC4B4}.Release|Any CPU.ActiveCfg = Release|Any CPU
		{4A0F7B38-5819-46ED-9147-26D6473EC4B4}.Release|Any CPU.Build.0 = Release|Any CPU
		{CFD9BD7C-7185-410E-A30F-81F9B01E5818}.Debug|Any CPU.ActiveCfg = Debug|Any CPU
		{CFD9BD7C-7185-410E-A30F-81F9B01E5818}.Debug|Any CPU.Build.0 = Debug|Any CPU
		{CFD9BD7C-7185-410E-A30F-81F9B01E5818}.Release|Any CPU.ActiveCfg = Release|Any CPU
		{CFD9BD7C-7185-410E-A30F-81F9B01E5818}.Release|Any CPU.Build.0 = Release|Any CPU
		{4CA7AF03-AD12-44D1-A99C-4AD35D354655}.Debug|Any CPU.ActiveCfg = Debug|Any CPU
		{4CA7AF03-AD12-44D1-A99C-4AD35D354655}.Debug|Any CPU.Build.0 = Debug|Any CPU
		{4CA7AF03-AD12-44D1-A99C-4AD35D354655}.Release|Any CPU.ActiveCfg = Release|Any CPU
		{4CA7AF03-AD12-44D1-A99C-4AD35D354655}.Release|Any CPU.Build.0 = Release|Any CPU
		{2E26BCF3-6D24-4A71-AF8D-588F20836434}.Debug|Any CPU.ActiveCfg = Debug|Any CPU
		{2E26BCF3-6D24-4A71-AF8D-588F20836434}.Debug|Any CPU.Build.0 = Debug|Any CPU
		{2E26BCF3-6D24-4A71-AF8D-588F20836434}.Release|Any CPU.ActiveCfg = Release|Any CPU
		{2E26BCF3-6D24-4A71-AF8D-588F20836434}.Release|Any CPU.Build.0 = Release|Any CPU
		{1E329C22-A1B1-4115-A7F0-266FB890A752}.Debug|Any CPU.ActiveCfg = Debug|Any CPU
		{1E329C22-A1B1-4115-A7F0-266FB890A752}.Debug|Any CPU.Build.0 = Debug|Any CPU
		{1E329C22-A1B1-4115-A7F0-266FB890A752}.Release|Any CPU.ActiveCfg = Release|Any CPU
		{1E329C22-A1B1-4115-A7F0-266FB890A752}.Release|Any CPU.Build.0 = Release|Any CPU
		{10E56992-66A7-4DB9-A50A-F8BC0F240420}.Debug|Any CPU.ActiveCfg = Debug|Any CPU
		{10E56992-66A7-4DB9-A50A-F8BC0F240420}.Debug|Any CPU.Build.0 = Debug|Any CPU
		{10E56992-66A7-4DB9-A50A-F8BC0F240420}.Release|Any CPU.ActiveCfg = Release|Any CPU
		{10E56992-66A7-4DB9-A50A-F8BC0F240420}.Release|Any CPU.Build.0 = Release|Any CPU
		{2BB6BF13-462B-4E32-981B-37026D1FE8F9}.Debug|Any CPU.ActiveCfg = Debug|Any CPU
		{2BB6BF13-462B-4E32-981B-37026D1FE8F9}.Debug|Any CPU.Build.0 = Debug|Any CPU
		{2BB6BF13-462B-4E32-981B-37026D1FE8F9}.Release|Any CPU.ActiveCfg = Release|Any CPU
		{2BB6BF13-462B-4E32-981B-37026D1FE8F9}.Release|Any CPU.Build.0 = Release|Any CPU
	EndGlobalSection
	GlobalSection(SolutionProperties) = preSolution
		HideSolutionNode = FALSE
	EndGlobalSection
EndGlobal
